
Microsoft Visual Studio Solution File, Format Version 12.00
# Visual Studio Version 17
VisualStudioVersion = 17.11.35208.52
MinimumVisualStudioVersion = 10.0.40219.1
Project("{FAE04EC0-301F-11D3-BF4B-00C04F79EFBC}") = "NpgsqlMigrationSample", "NpgsqlMigrationSample\NpgsqlMigrationSample.csproj", "{C2EFC449-0F10-4D0D-8755-B002F0437EDB}"
EndProject
Global
	GlobalSection(SolutionConfigurationPlatforms) = preSolution
		Debug|Any CPU = Debug|Any CPU
		Release|Any CPU = Release|Any CPU
	EndGlobalSection
	GlobalSection(ProjectConfigurationPlatforms) = postSolution
		{C2EFC449-0F10-4D0D-8755-B002F0437EDB}.Debug|Any CPU.ActiveCfg = Debug|Any CPU
		{C2EFC449-0F10-4D0D-8755-B002F0437EDB}.Debug|Any CPU.Build.0 = Debug|Any CPU
		{C2EFC449-0F10-4D0D-8755-B002F0437EDB}.Release|Any CPU.ActiveCfg = Release|Any CPU
		{C2EFC449-0F10-4D0D-8755-B002F0437EDB}.Release|Any CPU.Build.0 = Release|Any CPU
	EndGlobalSection
	GlobalSection(SolutionProperties) = preSolution
		HideSolutionNode = FALSE
	EndGlobalSection
	GlobalSection(ExtensibilityGlobals) = postSolution
		SolutionGuid = {3CCA7297-6C83-4CB8-B1DB-88C862D35507}
	EndGlobalSection
EndGlobal
